// !$*UTF8*$!
{
	archiveVersion = 1;
	classes = {
	};
	objectVersion = 46;
	objects = {

/* Begin PBXBuildFile section */
		F91BDAD71BC418B700620AE7 /* main.c in Sources */ = {isa = PBXBuildFile; fileRef = F91BDAD61BC418B700620AE7 /* main.c */; };
/* End PBXBuildFile section */

/* Begin PBXCopyFilesBuildPhase section */
		F91BDAD11BC418B700620AE7 /* CopyFiles */ = {
			isa = PBXCopyFilesBuildPhase;
			buildActionMask = 2147483647;
			dstPath = /usr/share/man/man1/;
			dstSubfolderSpec = 0;
			files = (
			);
			runOnlyForDeploymentPostprocessing = 1;
		};
/* End PBXCopyFilesBuildPhase section */

/* Begin PBXFileReference section */
		F91BDAD31BC418B700620AE7 /* pdp */ = {isa = PBXFileReference; explicitFileType = "compiled.mach-o.executable"; includeInIndex = 0; path = pdp; sourceTree = BUILT_PRODUCTS_DIR; };
		F91BDAD61BC418B700620AE7 /* main.c */ = {isa = PBXFileReference; lastKnownFileType = sourcecode.c.c; path = main.c; sourceTree = "<group>"; };
		F91BDADD1BC418CF00620AE7 /* emulator.c */ = {isa = PBXFileReference; fileEncoding = 4; lastKnownFileType = sourcecode.c.c; path = emulator.c; sourceTree = "<group>"; };
		F91BDADE1BC418CF00620AE7 /* emulator.h */ = {isa = PBXFileReference; fileEncoding = 4; lastKnownFileType = sourcecode.c.h; path = emulator.h; sourceTree = "<group>"; };
		F91BDAE01BC418F900620AE7 /* instruction_table.c */ = {isa = PBXFileReference; fileEncoding = 4; lastKnownFileType = sourcecode.c.c; path = instruction_table.c; sourceTree = "<group>"; };
		F91BDAE11BC418F900620AE7 /* instruction_table.h */ = {isa = PBXFileReference; fileEncoding = 4; lastKnownFileType = sourcecode.c.h; path = instruction_table.h; sourceTree = "<group>"; };
/* End PBXFileReference section */

/* Begin PBXFrameworksBuildPhase section */
		F91BDAD01BC418B700620AE7 /* Frameworks */ = {
			isa = PBXFrameworksBuildPhase;
			buildActionMask = 2147483647;
			files = (
			);
			runOnlyForDeploymentPostprocessing = 0;
		};
/* End PBXFrameworksBuildPhase section */

/* Begin PBXGroup section */
		F91BDACA1BC418B600620AE7 = {
			isa = PBXGroup;
			children = (
				F91BDAD51BC418B700620AE7 /* pdp */,
				F91BDAD41BC418B700620AE7 /* Products */,
			);
			sourceTree = "<group>";
		};
		F91BDAD41BC418B700620AE7 /* Products */ = {
			isa = PBXGroup;
			children = (
				F91BDAD31BC418B700620AE7 /* pdp */,
			);
			name = Products;
			sourceTree = "<group>";
		};
		F91BDAD51BC418B700620AE7 /* pdp */ = {
			isa = PBXGroup;
			children = (
				F91BDAD61BC418B700620AE7 /* main.c */,
				F91BDADD1BC418CF00620AE7 /* emulator.c */,
				F91BDADE1BC418CF00620AE7 /* emulator.h */,
				F91BDAE01BC418F900620AE7 /* instruction_table.c */,
				F91BDAE11BC418F900620AE7 /* instruction_table.h */,
			);
			path = pdp;
			sourceTree = "<group>";
		};
/* End PBXGroup section */

/* Begin PBXNativeTarget section */
		F91BDAD21BC418B700620AE7 /* pdp */ = {
			isa = PBXNativeTarget;
			buildConfigurationList = F91BDADA1BC418B700620AE7 /* Build configuration list for PBXNativeTarget "pdp" */;
			buildPhases = (
				F91BDACF1BC418B700620AE7 /* Sources */,
				F91BDAD01BC418B700620AE7 /* Frameworks */,
				F91BDAD11BC418B700620AE7 /* CopyFiles */,
			);
			buildRules = (
			);
			dependencies = (
			);
			name = pdp;
			productName = pdp;
			productReference = F91BDAD31BC418B700620AE7 /* pdp */;
			productType = "com.apple.product-type.tool";
		};
/* End PBXNativeTarget section */

/* Begin PBXProject section */
		F91BDACB1BC418B600620AE7 /* Project object */ = {
			isa = PBXProject;
			attributes = {
				LastUpgradeCheck = 0700;
				ORGANIZATIONNAME = com.mipt;
				TargetAttributes = {
					F91BDAD21BC418B700620AE7 = {
						CreatedOnToolsVersion = 7.0.1;
					};
				};
			};
			buildConfigurationList = F91BDACE1BC418B600620AE7 /* Build configuration list for PBXProject "pdp" */;
			compatibilityVersion = "Xcode 3.2";
			developmentRegion = English;
			hasScannedForEncodings = 0;
			knownRegions = (
				en,
			);
			mainGroup = F91BDACA1BC418B600620AE7;
			productRefGroup = F91BDAD41BC418B700620AE7 /* Products */;
			projectDirPath = "";
			projectRoot = "";
			targets = (
				F91BDAD21BC418B700620AE7 /* pdp */,
			);
		};
/* End PBXProject section */

/* Begin PBXSourcesBuildPhase section */
		F91BDACF1BC418B700620AE7 /* Sources */ = {
			isa = PBXSourcesBuildPhase;
			buildActionMask = 2147483647;
			files = (
				F91BDAD71BC418B700620AE7 /* main.c in Sources */,
			);
			runOnlyForDeploymentPostprocessing = 0;
		};
/* End PBXSourcesBuildPhase section */

/* Begin XCBuildConfiguration section */
		F91BDAD81BC418B700620AE7 /* Debug */ = {
			isa = XCBuildConfiguration;
			buildSettings = {
				ALWAYS_SEARCH_USER_PATHS = NO;
				CLANG_CXX_LANGUAGE_STANDARD = "gnu++0x";
				CLANG_CXX_LIBRARY = "libc++";
				CLANG_ENABLE_MODULES = YES;
				CLANG_ENABLE_OBJC_ARC = YES;
				CLANG_WARN_BOOL_CONVERSION = YES;
				CLANG_WARN_CONSTANT_CONVERSION = YES;
				CLANG_WARN_DIRECT_OBJC_ISA_USAGE = YES_ERROR;
				CLANG_WARN_EMPTY_BODY = YES;
				CLANG_WARN_ENUM_CONVERSION = YES;
				CLANG_WARN_INT_CONVERSION = YES;
				CLANG_WARN_OBJC_ROOT_CLASS = YES_ERROR;
				CLANG_WARN_UNREACHABLE_CODE = YES;
				CLANG_WARN__DUPLICATE_METHOD_MATCH = YES;
				COPY_PHASE_STRIP = NO;
				DEBUG_INFORMATION_FORMAT = dwarf;
				ENABLE_STRICT_OBJC_MSGSEND = YES;
				ENABLE_TESTABILITY = YES;
				GCC_C_LANGUAGE_STANDARD = gnu99;
				GCC_DYNAMIC_NO_PIC = NO;
				GCC_NO_COMMON_BLOCKS = YES;
				GCC_OPTIMIZATION_LEVEL = 0;
				GCC_PREPROCESSOR_DEFINITIONS = (
					"DEBUG=1",
					"$(inherited)",
				);
				GCC_WARN_64_TO_32_BIT_CONVERSION = YES;
				GCC_WARN_ABOUT_RETURN_TYPE = YES_ERROR;
				GCC_WARN_UNDECLARED_SELECTOR = YES;
				GCC_WARN_UNINITIALIZED_AUTOS = YES_AGGRESSIVE;
				GCC_WARN_UNUSED_FUNCTION = YES;
				GCC_WARN_UNUSED_VARIABLE = YES;
				MACOSX_DEPLOYMENT_TARGET = 10.10;
				MTL_ENABLE_DEBUG_INFO = YES;
				ONLY_ACTIVE_ARCH = YES;
				SDKROOT = macosx;
			};
			name = Debug;
		};
		F91BDAD91BC418B700620AE7 /* Release */ = {
			isa = XCBuildConfiguration;
			buildSettings = {
				ALWAYS_SEARCH_USER_PATHS = NO;
				CLANG_CXX_LANGUAGE_STANDARD = "gnu++0x";
				CLANG_CXX_LIBRARY = "libc++";
				CLANG_ENABLE_MODULES = YES;
				CLANG_ENABLE_OBJC_ARC = YES;
				CLANG_WARN_BOOL_CONVERSION = YES;
				CLANG_WARN_CONSTANT_CONVERSION = YES;
				CLANG_WARN_DIRECT_OBJC_ISA_USAGE = YES_ERROR;
				CLANG_WARN_EMPTY_BODY = YES;
				CLANG_WARN_ENUM_CONVERSION = YES;
				CLANG_WARN_INT_CONVERSION = YES;
				CLANG_WARN_OBJC_ROOT_CLASS = YES_ERROR;
				CLANG_WARN_UNREACHABLE_CODE = YES;
				CLANG_WARN__DUPLICATE_METHOD_MATCH = YES;
				COPY_PHASE_STRIP = NO;
				DEBUG_INFORMATION_FORMAT = "dwarf-with-dsym";
				ENABLE_NS_ASSERTIONS = NO;
				ENABLE_STRICT_OBJC_MSGSEND = YES;
				GCC_C_LANGUAGE_STANDARD = gnu99;
				GCC_NO_COMMON_BLOCKS = YES;
				GCC_WARN_64_TO_32_BIT_CONVERSION = YES;
				GCC_WARN_ABOUT_RETURN_TYPE = YES_ERROR;
				GCC_WARN_UNDECLARED_SELECTOR = YES;
				GCC_WARN_UNINITIALIZED_AUTOS = YES_AGGRESSIVE;
				GCC_WARN_UNUSED_FUNCTION = YES;
				GCC_WARN_UNUSED_VARIABLE = YES;
				MACOSX_DEPLOYMENT_TARGET = 10.10;
				MTL_ENABLE_DEBUG_INFO = NO;
				SDKROOT = macosx;
			};
			name = Release;
		};
		F91BDADB1BC418B700620AE7 /* Debug */ = {
			isa = XCBuildConfiguration;
			buildSettings = {
				PRODUCT_NAME = "$(TARGET_NAME)";
			};
			name = Debug;
		};
		F91BDADC1BC418B700620AE7 /* Release */ = {
			isa = XCBuildConfiguration;
			buildSettings = {
				PRODUCT_NAME = "$(TARGET_NAME)";
			};
			name = Release;
		};
/* End XCBuildConfiguration section */

/* Begin XCConfigurationList section */
		F91BDACE1BC418B600620AE7 /* Build configuration list for PBXProject "pdp" */ = {
			isa = XCConfigurationList;
			buildConfigurations = (
				F91BDAD81BC418B700620AE7 /* Debug */,
				F91BDAD91BC418B700620AE7 /* Release */,
			);
			defaultConfigurationIsVisible = 0;
			defaultConfigurationName = Release;
		};
		F91BDADA1BC418B700620AE7 /* Build configuration list for PBXNativeTarget "pdp" */ = {
			isa = XCConfigurationList;
			buildConfigurations = (
				F91BDADB1BC418B700620AE7 /* Debug */,
				F91BDADC1BC418B700620AE7 /* Release */,
			);
			defaultConfigurationIsVisible = 0;
			defaultConfigurationName = Release;
		};
/* End XCConfigurationList section */
	};
	rootObject = F91BDACB1BC418B600620AE7 /* Project object */;
}
